<?xml version="1.0" encoding="utf-8"?>
<Project ToolsVersion="17.0" xmlns="http://schemas.microsoft.com/developer/msbuild/2003">
  <ItemGroup>
    <ClCompile Include="D:\PhantomGhost\Storage\Media\Media\Projects\MyProjects\PhantomDB\src\transaction\lock_test.cpp">
      <Filter>Source Files</Filter>
    </ClCompile>
  </ItemGroup>
  <ItemGroup>
    <CustomBuild Include="D:\PhantomGhost\Storage\Media\Media\Projects\MyProjects\PhantomDB\src\transaction\CMakeLists.txt" />
  </ItemGroup>
  <ItemGroup>
    <Filter Include="Source Files">
      <UniqueIdentifier>{57467E33-A5A6-3716-9D66-E1D601107B28}</UniqueIdentifier>
    </Filter>
  </ItemGroup>
</Project>
