<?xml version="1.0" encoding="utf-8"?>
<Project ToolsVersion="17.0" xmlns="http://schemas.microsoft.com/developer/msbuild/2003">
  <ItemGroup>
    <CustomBuild Include="D:\PhantomGhost\Storage\Media\Media\Projects\MyProjects\PhantomDB\CMakeFiles\8a336d8a30935018a9dea8efb78033fd\INSTALL_force.rule">
      <Filter>CMake Rules</Filter>
    </CustomBuild>
  </ItemGroup>
  <ItemGroup>
    <Filter Include="CMake Rules">
      <UniqueIdentifier>{719C4478-8D9F-3D0C-AFBD-CB9CC62AB4F6}</UniqueIdentifier>
    </Filter>
  </ItemGroup>
</Project>
