<?xml version="1.0" encoding="utf-8"?>
<Project ToolsVersion="17.0" xmlns="http://schemas.microsoft.com/developer/msbuild/2003">
  <ItemGroup>
    <ClCompile Include="D:\PhantomGhost\Storage\Media\Media\Projects\MyProjects\PhantomDB\src\core\core.cpp">
      <Filter>Source Files</Filter>
    </ClCompile>
    <ClCompile Include="D:\PhantomGhost\Storage\Media\Media\Projects\MyProjects\PhantomDB\src\core\database.cpp">
      <Filter>Source Files</Filter>
    </ClCompile>
    <ClCompile Include="D:\PhantomGhost\Storage\Media\Media\Projects\MyProjects\PhantomDB\src\core\utils.cpp">
      <Filter>Source Files</Filter>
    </ClCompile>
    <ClCompile Include="D:\PhantomGhost\Storage\Media\Media\Projects\MyProjects\PhantomDB\src\core\persistence.cpp">
      <Filter>Source Files</Filter>
    </ClCompile>
  </ItemGroup>
  <ItemGroup>
    <ClInclude Include="D:\PhantomGhost\Storage\Media\Media\Projects\MyProjects\PhantomDB\src\core\core.h">
      <Filter>Header Files</Filter>
    </ClInclude>
    <ClInclude Include="D:\PhantomGhost\Storage\Media\Media\Projects\MyProjects\PhantomDB\src\core\database.h">
      <Filter>Header Files</Filter>
    </ClInclude>
    <ClInclude Include="D:\PhantomGhost\Storage\Media\Media\Projects\MyProjects\PhantomDB\src\core\utils.h">
      <Filter>Header Files</Filter>
    </ClInclude>
    <ClInclude Include="D:\PhantomGhost\Storage\Media\Media\Projects\MyProjects\PhantomDB\src\core\persistence.h">
      <Filter>Header Files</Filter>
    </ClInclude>
  </ItemGroup>
  <ItemGroup>
    <CustomBuild Include="D:\PhantomGhost\Storage\Media\Media\Projects\MyProjects\PhantomDB\src\core\CMakeLists.txt" />
  </ItemGroup>
  <ItemGroup>
    <Filter Include="Header Files">
      <UniqueIdentifier>{DF7D31E5-818C-3CD4-90AB-B11A13841034}</UniqueIdentifier>
    </Filter>
    <Filter Include="Source Files">
      <UniqueIdentifier>{57467E33-A5A6-3716-9D66-E1D601107B28}</UniqueIdentifier>
    </Filter>
  </ItemGroup>
</Project>
